
Microsoft Visual Studio Solution File, Format Version 12.00
# Visual Studio Version 17
VisualStudioVersion = 17.3.32811.315
MinimumVisualStudioVersion = 10.0.40219.1
Project("{FAE04EC0-301F-11D3-BF4B-00C04F79EFBC}") = "ConsoleMenu", "ConsoleMenu.csproj", "{3F2550B8-52F2-4AB8-AB08-B76ACBE5D1B0}"
EndProject
Global
	GlobalSection(SolutionConfigurationPlatforms) = preSolution
		Debug|Any CPU = Debug|Any CPU
		Release|Any CPU = Release|Any CPU
	EndGlobalSection
	GlobalSection(ProjectConfigurationPlatforms) = postSolution
		{3F2550B8-52F2-4AB8-AB08-B76ACBE5D1B0}.Debug|Any CPU.ActiveCfg = Debug|Any CPU
		{3F2550B8-52F2-4AB8-AB08-B76ACBE5D1B0}.Debug|Any CPU.Build.0 = Debug|Any CPU
		{3F2550B8-52F2-4AB8-AB08-B76ACBE5D1B0}.Release|Any CPU.ActiveCfg = Release|Any CPU
		{3F2550B8-52F2-4AB8-AB08-B76ACBE5D1B0}.Release|Any CPU.Build.0 = Release|Any CPU
	EndGlobalSection
	GlobalSection(SolutionProperties) = preSolution
		HideSolutionNode = FALSE
	EndGlobalSection
	GlobalSection(ExtensibilityGlobals) = postSolution
		SolutionGuid = {19DA0B08-7D60-4652-B7BB-8C008B176C17}
	EndGlobalSection
EndGlobal
